
Microsoft Visual Studio Solution File, Format Version 12.00
# Visual Studio Version 17
VisualStudioVersion = 17.1.32328.378
MinimumVisualStudioVersion = 10.0.40219.1
Project("{9A19103F-16F7-4668-BE54-9A1E7A4F7556}") = "Wpb.CarsRating.Core", "Wpb.CarsRating.Core\Wpb.CarsRating.Core.csproj", "{C5C22541-A1EC-4B44-BAC0-AF3C39A549CC}"
EndProject
Project("{9A19103F-16F7-4668-BE54-9A1E7A4F7556}") = "Wpb.CarsRating.Tests", "Wpb.CarsRating.Tests\Wpb.CarsRating.Tests.csproj", "{4768021E-8F28-401E-A340-1DBE67012731}"
EndProject
Global
	GlobalSection(SolutionConfigurationPlatforms) = preSolution
		Debug|Any CPU = Debug|Any CPU
		Release|Any CPU = Release|Any CPU
	EndGlobalSection
	GlobalSection(ProjectConfigurationPlatforms) = postSolution
		{C5C22541-A1EC-4B44-BAC0-AF3C39A549CC}.Debug|Any CPU.ActiveCfg = Debug|Any CPU
		{C5C22541-A1EC-4B44-BAC0-AF3C39A549CC}.Debug|Any CPU.Build.0 = Debug|Any CPU
		{C5C22541-A1EC-4B44-BAC0-AF3C39A549CC}.Release|Any CPU.ActiveCfg = Release|Any CPU
		{C5C22541-A1EC-4B44-BAC0-AF3C39A549CC}.Release|Any CPU.Build.0 = Release|Any CPU
		{4768021E-8F28-401E-A340-1DBE67012731}.Debug|Any CPU.ActiveCfg = Debug|Any CPU
		{4768021E-8F28-401E-A340-1DBE67012731}.Debug|Any CPU.Build.0 = Debug|Any CPU
		{4768021E-8F28-401E-A340-1DBE67012731}.Release|Any CPU.ActiveCfg = Release|Any CPU
		{4768021E-8F28-401E-A340-1DBE67012731}.Release|Any CPU.Build.0 = Release|Any CPU
	EndGlobalSection
	GlobalSection(SolutionProperties) = preSolution
		HideSolutionNode = FALSE
	EndGlobalSection
	GlobalSection(ExtensibilityGlobals) = postSolution
		SolutionGuid = {5E481E9C-4A03-4C63-86E8-2780065AF678}
	EndGlobalSection
EndGlobal
